{
  "name": "maks-normal",
  "version": "1.0.0",
  "lockfileVersion": 3,
  "requires": true,
  "packages": {
    "": {
      "name": "maks-normal",
      "version": "1.0.0",
      "license": "ISC",
      "dependencies": {
        "
      },
      "devDependencies": {
        "jquery": "^3.6.4",
        "jquery-mask-plugin": "^1.14.16"
      }
    },
    "node_modules/imask": {
      "version": "6.6.0-alpha.0",
      "resolved": "https://registry.npmjs.org/imask/-/imask-6.6.0-alpha.0.tgz",
      "integrity": "sha512-p6ID0cMx0K2AouxMGsFLqdCfdFfn02IkSwe7SLPW2f9cwmbAojiktQ+SDi01S4ZdJ+eACa6IKRjjG2ZbJiXPmA==",
      "engines": {
        "npm": ">=4.0.0"
      }
    },
    "node_modules/jquery": {
      "version": "3.6.4",
      "resolved": "https://registry.npmjs.org/jquery/-/jquery-3.6.4.tgz",
      "integrity": "sha512-v28EW9DWDFpzcD9O5iyJXg3R3+q+mET5JhnjJzQUZMHOv67bpSIHq81GEYpPNZHG+XXHsfSme3nxp/hndKEcsQ==",
      "dev": true
    },
    "node_modules/jquery-mask-plugin": {
      "version": "1.14.16",
      "resolved": "https://registry.npmjs.org/jquery-mask-plugin/-/jquery-mask-plugin-1.14.16.tgz",
      "integrity": "sha512-reywdHlYEkPbzWjTpcc1fk9XQ3PLvO5dzEAVqy8zI7NTF22tB1HbeU3iboZTLdkBEPaWAqeI2HtEjsGQ4roZKw==",
      "dev": true
    }
  }
}
